// !$*UTF8*$!
{
	archiveVersion = 1;
	classes = {
	};
	objectVersion = 50;
	objects = {

/* Begin PBXBuildFile section */
		079113242446400800FD8C3A /* AppDelegate.swift in Sources */ = {isa = PBXBuildFile; fileRef = 079113232446400800FD8C3A /* AppDelegate.swift */; };
		079113262446400800FD8C3A /* SceneDelegate.swift in Sources */ = {isa = PBXBuildFile; fileRef = 079113252446400800FD8C3A /* SceneDelegate.swift */; };
		079113282446400800FD8C3A /* ViewController.swift in Sources */ = {isa = PBXBuildFile; fileRef = 079113272446400800FD8C3A /* ViewController.swift */; };
		0791132B2446400800FD8C3A /* Main.storyboard in Resources */ = {isa = PBXBuildFile; fileRef = 079113292446400800FD8C3A /* Main.storyboard */; };
		0791132D2446400B00FD8C3A /* Assets.xcassets in Resources */ = {isa = PBXBuildFile; fileRef = 0791132C2446400B00FD8C3A /* Assets.xcassets */; };
		079113302446400B00FD8C3A /* LaunchScreen.storyboard in Resources */ = {isa = PBXBuildFile; fileRef = 0791132E2446400B00FD8C3A /* LaunchScreen.storyboard */; };
		0791133B2446400C00FD8C3A /* githubActionsTests.swift in Sources */ = {isa = PBXBuildFile; fileRef = 0791133A2446400C00FD8C3A /* githubActionsTests.swift */; };
		079113462446400C00FD8C3A /* githubActionsUITests.swift in Sources */ = {isa = PBXBuildFile; fileRef = 079113452446400C00FD8C3A /* githubActionsUITests.swift */; };
/* End PBXBuildFile section */

/* Begin PBXContainerItemProxy section */
		079113372446400C00FD8C3A /* PBXContainerItemProxy */ = {
			isa = PBXContainerItemProxy;
			containerPortal = 079113182446400800FD8C3A /* Project object */;
			proxyType = 1;
			remoteGlobalIDString = 0791131F2446400800FD8C3A;
			remoteInfo = githubActions;
		};
		079113422446400C00FD8C3A /* PBXContainerItemProxy */ = {
			isa = PBXContainerItemProxy;
			containerPortal = 079113182446400800FD8C3A /* Project object */;
			proxyType = 1;
			remoteGlobalIDString = 0791131F2446400800FD8C3A;
			remoteInfo = githubActions;
		};
/* End PBXContainerItemProxy section */

/* Begin PBXFileReference section */
		079113202446400800FD8C3A /* githubActions.app */ = {isa = PBXFileReference; explicitFileType = wrapper.application; includeInIndex = 0; path = githubActions.app; sourceTree = BUILT_PRODUCTS_DIR; };
		079113232446400800FD8C3A /* AppDelegate.swift */ = {isa = PBXFileReference; lastKnownFileType = sourcecode.swift; path = AppDelegate.swift; sourceTree = "<group>"; };
		079113252446400800FD8C3A /* SceneDelegate.swift */ = {isa = PBXFileReference; lastKnownFileType = sourcecode.swift; path = SceneDelegate.swift; sourceTree = "<group>"; };
		079113272446400800FD8C3A /* ViewController.swift */ = {isa = PBXFileReference; lastKnownFileType = sourcecode.swift; path = ViewController.swift; sourceTree = "<group>"; };
		0791132A2446400800FD8C3A /* Base */ = {isa = PBXFileReference; lastKnownFileType = file.storyboard; name = Base; path = Base.lproj/Main.storyboard; sourceTree = "<group>"; };
		0791132C2446400B00FD8C3A /* Assets.xcassets */ = {isa = PBXFileReference; lastKnownFileType = folder.assetcatalog; path = Assets.xcassets; sourceTree = "<group>"; };
		0791132F2446400B00FD8C3A /* Base */ = {isa = PBXFileReference; lastKnownFileType = file.storyboard; name = Base; path = Base.lproj/LaunchScreen.storyboard; sourceTree = "<group>"; };
		079113312446400B00FD8C3A /* Info.plist */ = {isa = PBXFileReference; lastKnownFileType = text.plist.xml; path = Info.plist; sourceTree = "<group>"; };
		079113362446400C00FD8C3A /* githubActionsTests.xctest */ = {isa = PBXFileReference; explicitFileType = wrapper.cfbundle; includeInIndex = 0; path = githubActionsTests.xctest; sourceTree = BUILT_PRODUCTS_DIR; };
		0791133A2446400C00FD8C3A /* githubActionsTests.swift */ = {isa = PBXFileReference; lastKnownFileType = sourcecode.swift; path = githubActionsTests.swift; sourceTree = "<group>"; };
		0791133C2446400C00FD8C3A /* Info.plist */ = {isa = PBXFileReference; lastKnownFileType = text.plist.xml; path = Info.plist; sourceTree = "<group>"; };
		079113412446400C00FD8C3A /* githubActionsUITests.xctest */ = {isa = PBXFileReference; explicitFileType = wrapper.cfbundle; includeInIndex = 0; path = githubActionsUITests.xctest; sourceTree = BUILT_PRODUCTS_DIR; };
		079113452446400C00FD8C3A /* githubActionsUITests.swift */ = {isa = PBXFileReference; lastKnownFileType = sourcecode.swift; path = githubActionsUITests.swift; sourceTree = "<group>"; };
		079113472446400C00FD8C3A /* Info.plist */ = {isa = PBXFileReference; lastKnownFileType = text.plist.xml; path = Info.plist; sourceTree = "<group>"; };
/* End PBXFileReference section */

/* Begin PBXFrameworksBuildPhase section */
		0791131D2446400800FD8C3A /* Frameworks */ = {
			isa = PBXFrameworksBuildPhase;
			buildActionMask = 2147483647;
			files = (
			);
			runOnlyForDeploymentPostprocessing = 0;
		};
		079113332446400C00FD8C3A /* Frameworks */ = {
			isa = PBXFrameworksBuildPhase;
			buildActionMask = 2147483647;
			files = (
			);
			runOnlyForDeploymentPostprocessing = 0;
		};
		0791133E2446400C00FD8C3A /* Frameworks */ = {
			isa = PBXFrameworksBuildPhase;
			buildActionMask = 2147483647;
			files = (
			);
			runOnlyForDeploymentPostprocessing = 0;
		};
/* End PBXFrameworksBuildPhase section */

/* Begin PBXGroup section */
		079113172446400800FD8C3A = {
			isa = PBXGroup;
			children = (
				079113222446400800FD8C3A /* githubActions */,
				079113392446400C00FD8C3A /* githubActionsTests */,
				079113442446400C00FD8C3A /* githubActionsUITests */,
				079113212446400800FD8C3A /* Products */,
			);
			sourceTree = "<group>";
		};
		079113212446400800FD8C3A /* Products */ = {
			isa = PBXGroup;
			children = (
				079113202446400800FD8C3A /* githubActions.app */,
				079113362446400C00FD8C3A /* githubActionsTests.xctest */,
				079113412446400C00FD8C3A /* githubActionsUITests.xctest */,
			);
			name = Products;
			sourceTree = "<group>";
		};
		079113222446400800FD8C3A /* githubActions */ = {
			isa = PBXGroup;
			children = (
				079113232446400800FD8C3A /* AppDelegate.swift */,
				079113252446400800FD8C3A /* SceneDelegate.swift */,
				079113272446400800FD8C3A /* ViewController.swift */,
				079113292446400800FD8C3A /* Main.storyboard */,
				0791132C2446400B00FD8C3A /* Assets.xcassets */,
				0791132E2446400B00FD8C3A /* LaunchScreen.storyboard */,
				079113312446400B00FD8C3A /* Info.plist */,
			);
			path = githubActions;
			sourceTree = "<group>";
		};
		079113392446400C00FD8C3A /* githubActionsTests */ = {
			isa = PBXGroup;
			children = (
				0791133A2446400C00FD8C3A /* githubActionsTests.swift */,
				0791133C2446400C00FD8C3A /* Info.plist */,
			);
			path = githubActionsTests;
			sourceTree = "<group>";
		};
		079113442446400C00FD8C3A /* githubActionsUITests */ = {
			isa = PBXGroup;
			children = (
				079113452446400C00FD8C3A /* githubActionsUITests.swift */,
				079113472446400C00FD8C3A /* Info.plist */,
			);
			path = githubActionsUITests;
			sourceTree = "<group>";
		};
/* End PBXGroup section */

/* Begin PBXNativeTarget section */
		0791131F2446400800FD8C3A /* githubActions */ = {
			isa = PBXNativeTarget;
			buildConfigurationList = 0791134A2446400C00FD8C3A /* Build configuration list for PBXNativeTarget "githubActions" */;
			buildPhases = (
				0791131C2446400800FD8C3A /* Sources */,
				0791131D2446400800FD8C3A /* Frameworks */,
				0791131E2446400800FD8C3A /* Resources */,
			);
			buildRules = (
			);
			dependencies = (
			);
			name = githubActions;
			productName = githubActions;
			productReference = 079113202446400800FD8C3A /* githubActions.app */;
			productType = "com.apple.product-type.application";
		};
		079113352446400C00FD8C3A /* githubActionsTests */ = {
			isa = PBXNativeTarget;
			buildConfigurationList = 0791134D2446400C00FD8C3A /* Build configuration list for PBXNativeTarget "githubActionsTests" */;
			buildPhases = (
				079113322446400C00FD8C3A /* Sources */,
				079113332446400C00FD8C3A /* Frameworks */,
				079113342446400C00FD8C3A /* Resources */,
			);
			buildRules = (
			);
			dependencies = (
				079113382446400C00FD8C3A /* PBXTargetDependency */,
			);
			name = githubActionsTests;
			productName = githubActionsTests;
			productReference = 079113362446400C00FD8C3A /* githubActionsTests.xctest */;
			productType = "com.apple.product-type.bundle.unit-test";
		};
		079113402446400C00FD8C3A /* githubActionsUITests */ = {
			isa = PBXNativeTarget;
			buildConfigurationList = 079113502446400C00FD8C3A /* Build configuration list for PBXNativeTarget "githubActionsUITests" */;
			buildPhases = (
				0791133D2446400C00FD8C3A /* Sources */,
				0791133E2446400C00FD8C3A /* Frameworks */,
				0791133F2446400C00FD8C3A /* Resources */,
			);
			buildRules = (
			);
			dependencies = (
				079113432446400C00FD8C3A /* PBXTargetDependency */,
			);
			name = githubActionsUITests;
			productName = githubActionsUITests;
			productReference = 079113412446400C00FD8C3A /* githubActionsUITests.xctest */;
			productType = "com.apple.product-type.bundle.ui-testing";
		};
/* End PBXNativeTarget section */

/* Begin PBXProject section */
		079113182446400800FD8C3A /* Project object */ = {
			isa = PBXProject;
			attributes = {
				LastSwiftUpdateCheck = 1140;
				LastUpgradeCheck = 1140;
				ORGANIZATIONNAME = "Pedro Vargas";
				TargetAttributes = {
					0791131F2446400800FD8C3A = {
						CreatedOnToolsVersion = 11.4;
					};
					079113352446400C00FD8C3A = {
						CreatedOnToolsVersion = 11.4;
						TestTargetID = 0791131F2446400800FD8C3A;
					};
					079113402446400C00FD8C3A = {
						CreatedOnToolsVersion = 11.4;
						TestTargetID = 0791131F2446400800FD8C3A;
					};
				};
			};
			buildConfigurationList = 0791131B2446400800FD8C3A /* Build configuration list for PBXProject "githubActions" */;
			compatibilityVersion = "Xcode 9.3";
			developmentRegion = en;
			hasScannedForEncodings = 0;
			knownRegions = (
				en,
				Base,
			);
			mainGroup = 079113172446400800FD8C3A;
			productRefGroup = 079113212446400800FD8C3A /* Products */;
			projectDirPath = "";
			projectRoot = "";
			targets = (
				0791131F2446400800FD8C3A /* githubActions */,
				079113352446400C00FD8C3A /* githubActionsTests */,
				079113402446400C00FD8C3A /* githubActionsUITests */,
			);
		};
/* End PBXProject section */

/* Begin PBXResourcesBuildPhase section */
		0791131E2446400800FD8C3A /* Resources */ = {
			isa = PBXResourcesBuildPhase;
			buildActionMask = 2147483647;
			files = (
				079113302446400B00FD8C3A /* LaunchScreen.storyboard in Resources */,
				0791132D2446400B00FD8C3A /* Assets.xcassets in Resources */,
				0791132B2446400800FD8C3A /* Main.storyboard in Resources */,
			);
			runOnlyForDeploymentPostprocessing = 0;
		};
		079113342446400C00FD8C3A /* Resources */ = {
			isa = PBXResourcesBuildPhase;
			buildActionMask = 2147483647;
			files = (
			);
			runOnlyForDeploymentPostprocessing = 0;
		};
		0791133F2446400C00FD8C3A /* Resources */ = {
			isa = PBXResourcesBuildPhase;
			buildActionMask = 2147483647;
			files = (
			);
			runOnlyForDeploymentPostprocessing = 0;
		};
/* End PBXResourcesBuildPhase section */

/* Begin PBXSourcesBuildPhase section */
		0791131C2446400800FD8C3A /* Sources */ = {
			isa = PBXSourcesBuildPhase;
			buildActionMask = 2147483647;
			files = (
				079113282446400800FD8C3A /* ViewController.swift in Sources */,
				079113242446400800FD8C3A /* AppDelegate.swift in Sources */,
				079113262446400800FD8C3A /* SceneDelegate.swift in Sources */,
			);
			runOnlyForDeploymentPostprocessing = 0;
		};
		079113322446400C00FD8C3A /* Sources */ = {
			isa = PBXSourcesBuildPhase;
			buildActionMask = 2147483647;
			files = (
				0791133B2446400C00FD8C3A /* githubActionsTests.swift in Sources */,
			);
			runOnlyForDeploymentPostprocessing = 0;
		};
		0791133D2446400C00FD8C3A /* Sources */ = {
			isa = PBXSourcesBuildPhase;
			buildActionMask = 2147483647;
			files = (
				079113462446400C00FD8C3A /* githubActionsUITests.swift in Sources */,
			);
			runOnlyForDeploymentPostprocessing = 0;
		};
/* End PBXSourcesBuildPhase section */

/* Begin PBXTargetDependency section */
		079113382446400C00FD8C3A /* PBXTargetDependency */ = {
			isa = PBXTargetDependency;
			target = 0791131F2446400800FD8C3A /* githubActions */;
			targetProxy = 079113372446400C00FD8C3A /* PBXContainerItemProxy */;
		};
		079113432446400C00FD8C3A /* PBXTargetDependency */ = {
			isa = PBXTargetDependency;
			target = 0791131F2446400800FD8C3A /* githubActions */;
			targetProxy = 079113422446400C00FD8C3A /* PBXContainerItemProxy */;
		};
/* End PBXTargetDependency section */

/* Begin PBXVariantGroup section */
		079113292446400800FD8C3A /* Main.storyboard */ = {
			isa = PBXVariantGroup;
			children = (
				0791132A2446400800FD8C3A /* Base */,
			);
			name = Main.storyboard;
			sourceTree = "<group>";
		};
		0791132E2446400B00FD8C3A /* LaunchScreen.storyboard */ = {
			isa = PBXVariantGroup;
			children = (
				0791132F2446400B00FD8C3A /* Base */,
			);
			name = LaunchScreen.storyboard;
			sourceTree = "<group>";
		};
/* End PBXVariantGroup section */

/* Begin XCBuildConfiguration section */
		079113482446400C00FD8C3A /* Debug */ = {
			isa = XCBuildConfiguration;
			buildSettings = {
				ALWAYS_SEARCH_USER_PATHS = NO;
				CLANG_ANALYZER_NONNULL = YES;
				CLANG_ANALYZER_NUMBER_OBJECT_CONVERSION = YES_AGGRESSIVE;
				CLANG_CXX_LANGUAGE_STANDARD = "gnu++14";
				CLANG_CXX_LIBRARY = "libc++";
				CLANG_ENABLE_MODULES = YES;
				CLANG_ENABLE_OBJC_ARC = YES;
				CLANG_ENABLE_OBJC_WEAK = YES;
				CLANG_WARN_BLOCK_CAPTURE_AUTORELEASING = YES;
				CLANG_WARN_BOOL_CONVERSION = YES;
				CLANG_WARN_COMMA = YES;
				CLANG_WARN_CONSTANT_CONVERSION = YES;
				CLANG_WARN_DEPRECATED_OBJC_IMPLEMENTATIONS = YES;
				CLANG_WARN_DIRECT_OBJC_ISA_USAGE = YES_ERROR;
				CLANG_WARN_DOCUMENTATION_COMMENTS = YES;
				CLANG_WARN_EMPTY_BODY = YES;
				CLANG_WARN_ENUM_CONVERSION = YES;
				CLANG_WARN_INFINITE_RECURSION = YES;
				CLANG_WARN_INT_CONVERSION = YES;
				CLANG_WARN_NON_LITERAL_NULL_CONVERSION = YES;
				CLANG_WARN_OBJC_IMPLICIT_RETAIN_SELF = YES;
				CLANG_WARN_OBJC_LITERAL_CONVERSION = YES;
				CLANG_WARN_OBJC_ROOT_CLASS = YES_ERROR;
				CLANG_WARN_RANGE_LOOP_ANALYSIS = YES;
				CLANG_WARN_STRICT_PROTOTYPES = YES;
				CLANG_WARN_SUSPICIOUS_MOVE = YES;
				CLANG_WARN_UNGUARDED_AVAILABILITY = YES_AGGRESSIVE;
				CLANG_WARN_UNREACHABLE_CODE = YES;
				CLANG_WARN__DUPLICATE_METHOD_MATCH = YES;
				COPY_PHASE_STRIP = NO;
				DEBUG_INFORMATION_FORMAT = dwarf;
				ENABLE_STRICT_OBJC_MSGSEND = YES;
				ENABLE_TESTABILITY = YES;
				GCC_C_LANGUAGE_STANDARD = gnu11;
				GCC_DYNAMIC_NO_PIC = NO;
				GCC_NO_COMMON_BLOCKS = YES;
				GCC_OPTIMIZATION_LEVEL = 0;
				GCC_PREPROCESSOR_DEFINITIONS = (
					"DEBUG=1",
					"$(inherited)",
				);
				GCC_WARN_64_TO_32_BIT_CONVERSION = YES;
				GCC_WARN_ABOUT_RETURN_TYPE = YES_ERROR;
				GCC_WARN_UNDECLARED_SELECTOR = YES;
				GCC_WARN_UNINITIALIZED_AUTOS = YES_AGGRESSIVE;
				GCC_WARN_UNUSED_FUNCTION = YES;
				GCC_WARN_UNUSED_VARIABLE = YES;
				IPHONEOS_DEPLOYMENT_TARGET = 13.4;
				MTL_ENABLE_DEBUG_INFO = INCLUDE_SOURCE;
				MTL_FAST_MATH = YES;
				ONLY_ACTIVE_ARCH = YES;
				SDKROOT = iphoneos;
				SWIFT_ACTIVE_COMPILATION_CONDITIONS = DEBUG;
				SWIFT_OPTIMIZATION_LEVEL = "-Onone";
			};
			name = Debug;
		};
		079113492446400C00FD8C3A /* Release */ = {
			isa = XCBuildConfiguration;
			buildSettings = {
				ALWAYS_SEARCH_USER_PATHS = NO;
				CLANG_ANALYZER_NONNULL = YES;
				CLANG_ANALYZER_NUMBER_OBJECT_CONVERSION = YES_AGGRESSIVE;
				CLANG_CXX_LANGUAGE_STANDARD = "gnu++14";
				CLANG_CXX_LIBRARY = "libc++";
				CLANG_ENABLE_MODULES = YES;
				CLANG_ENABLE_OBJC_ARC = YES;
				CLANG_ENABLE_OBJC_WEAK = YES;
				CLANG_WARN_BLOCK_CAPTURE_AUTORELEASING = YES;
				CLANG_WARN_BOOL_CONVERSION = YES;
				CLANG_WARN_COMMA = YES;
				CLANG_WARN_CONSTANT_CONVERSION = YES;
				CLANG_WARN_DEPRECATED_OBJC_IMPLEMENTATIONS = YES;
				CLANG_WARN_DIRECT_OBJC_ISA_USAGE = YES_ERROR;
				CLANG_WARN_DOCUMENTATION_COMMENTS = YES;
				CLANG_WARN_EMPTY_BODY = YES;
				CLANG_WARN_ENUM_CONVERSION = YES;
				CLANG_WARN_INFINITE_RECURSION = YES;
				CLANG_WARN_INT_CONVERSION = YES;
				CLANG_WARN_NON_LITERAL_NULL_CONVERSION = YES;
				CLANG_WARN_OBJC_IMPLICIT_RETAIN_SELF = YES;
				CLANG_WARN_OBJC_LITERAL_CONVERSION = YES;
				CLANG_WARN_OBJC_ROOT_CLASS = YES_ERROR;
				CLANG_WARN_RANGE_LOOP_ANALYSIS = YES;
				CLANG_WARN_STRICT_PROTOTYPES = YES;
				CLANG_WARN_SUSPICIOUS_MOVE = YES;
				CLANG_WARN_UNGUARDED_AVAILABILITY = YES_AGGRESSIVE;
				CLANG_WARN_UNREACHABLE_CODE = YES;
				CLANG_WARN__DUPLICATE_METHOD_MATCH = YES;
				COPY_PHASE_STRIP = NO;
				DEBUG_INFORMATION_FORMAT = "dwarf-with-dsym";
				ENABLE_NS_ASSERTIONS = NO;
				ENABLE_STRICT_OBJC_MSGSEND = YES;
				GCC_C_LANGUAGE_STANDARD = gnu11;
				GCC_NO_COMMON_BLOCKS = YES;
				GCC_WARN_64_TO_32_BIT_CONVERSION = YES;
				GCC_WARN_ABOUT_RETURN_TYPE = YES_ERROR;
				GCC_WARN_UNDECLARED_SELECTOR = YES;
				GCC_WARN_UNINITIALIZED_AUTOS = YES_AGGRESSIVE;
				GCC_WARN_UNUSED_FUNCTION = YES;
				GCC_WARN_UNUSED_VARIABLE = YES;
				IPHONEOS_DEPLOYMENT_TARGET = 13.4;
				MTL_ENABLE_DEBUG_INFO = NO;
				MTL_FAST_MATH = YES;
				SDKROOT = iphoneos;
				SWIFT_COMPILATION_MODE = wholemodule;
				SWIFT_OPTIMIZATION_LEVEL = "-O";
				VALIDATE_PRODUCT = YES;
			};
			name = Release;
		};
		0791134B2446400C00FD8C3A /* Debug */ = {
			isa = XCBuildConfiguration;
			buildSettings = {
				ASSETCATALOG_COMPILER_APPICON_NAME = AppIcon;
				CODE_SIGN_STYLE = Automatic;
				DEVELOPMENT_TEAM = ZSLUMCNRNL;
				INFOPLIST_FILE = githubActions/Info.plist;
				LD_RUNPATH_SEARCH_PATHS = (
					"$(inherited)",
					"@executable_path/Frameworks",
				);
				PRODUCT_BUNDLE_IDENTIFIER = com.pedroVargas.githubActions;
				PRODUCT_NAME = "$(TARGET_NAME)";
				SWIFT_VERSION = 5.0;
				TARGETED_DEVICE_FAMILY = "1,2";
			};
			name = Debug;
		};
		0791134C2446400C00FD8C3A /* Release */ = {
			isa = XCBuildConfiguration;
			buildSettings = {
				ASSETCATALOG_COMPILER_APPICON_NAME = AppIcon;
				CODE_SIGN_STYLE = Automatic;
				DEVELOPMENT_TEAM = ZSLUMCNRNL;
				INFOPLIST_FILE = githubActions/Info.plist;
				LD_RUNPATH_SEARCH_PATHS = (
					"$(inherited)",
					"@executable_path/Frameworks",
				);
				PRODUCT_BUNDLE_IDENTIFIER = com.pedroVargas.githubActions;
				PRODUCT_NAME = "$(TARGET_NAME)";
				SWIFT_VERSION = 5.0;
				TARGETED_DEVICE_FAMILY = "1,2";
			};
			name = Release;
		};
		0791134E2446400C00FD8C3A /* Debug */ = {
			isa = XCBuildConfiguration;
			buildSettings = {
				ALWAYS_EMBED_SWIFT_STANDARD_LIBRARIES = YES;
				BUNDLE_LOADER = "$(TEST_HOST)";
				CODE_SIGN_STYLE = Automatic;
				DEVELOPMENT_TEAM = ZSLUMCNRNL;
				INFOPLIST_FILE = githubActionsTests/Info.plist;
				IPHONEOS_DEPLOYMENT_TARGET = 13.4;
				LD_RUNPATH_SEARCH_PATHS = (
					"$(inherited)",
					"@executable_path/Frameworks",
					"@loader_path/Frameworks",
				);
				PRODUCT_BUNDLE_IDENTIFIER = com.pedroVargas.githubActionsTests;
				PRODUCT_NAME = "$(TARGET_NAME)";
				SWIFT_VERSION = 5.0;
				TARGETED_DEVICE_FAMILY = "1,2";
				TEST_HOST = "$(BUILT_PRODUCTS_DIR)/githubActions.app/githubActions";
			};
			name = Debug;
		};
		0791134F2446400C00FD8C3A /* Release */ = {
			isa = XCBuildConfiguration;
			buildSettings = {
				ALWAYS_EMBED_SWIFT_STANDARD_LIBRARIES = YES;
				BUNDLE_LOADER = "$(TEST_HOST)";
				CODE_SIGN_STYLE = Automatic;
				DEVELOPMENT_TEAM = ZSLUMCNRNL;
				INFOPLIST_FILE = githubActionsTests/Info.plist;
				IPHONEOS_DEPLOYMENT_TARGET = 13.4;
				LD_RUNPATH_SEARCH_PATHS = (
					"$(inherited)",
					"@executable_path/Frameworks",
					"@loader_path/Frameworks",
				);
				PRODUCT_BUNDLE_IDENTIFIER = com.pedroVargas.githubActionsTests;
				PRODUCT_NAME = "$(TARGET_NAME)";
				SWIFT_VERSION = 5.0;
				TARGETED_DEVICE_FAMILY = "1,2";
				TEST_HOST = "$(BUILT_PRODUCTS_DIR)/githubActions.app/githubActions";
			};
			name = Release;
		};
		079113512446400C00FD8C3A /* Debug */ = {
			isa = XCBuildConfiguration;
			buildSettings = {
				ALWAYS_EMBED_SWIFT_STANDARD_LIBRARIES = YES;
				CODE_SIGN_STYLE = Automatic;
				DEVELOPMENT_TEAM = ZSLUMCNRNL;
				INFOPLIST_FILE = githubActionsUITests/Info.plist;
				LD_RUNPATH_SEARCH_PATHS = (
					"$(inherited)",
					"@executable_path/Frameworks",
					"@loader_path/Frameworks",
				);
				PRODUCT_BUNDLE_IDENTIFIER = com.pedroVargas.githubActionsUITests;
				PRODUCT_NAME = "$(TARGET_NAME)";
				SWIFT_VERSION = 5.0;
				TARGETED_DEVICE_FAMILY = "1,2";
				TEST_TARGET_NAME = githubActions;
			};
			name = Debug;
		};
		079113522446400C00FD8C3A /* Release */ = {
			isa = XCBuildConfiguration;
			buildSettings = {
				ALWAYS_EMBED_SWIFT_STANDARD_LIBRARIES = YES;
				CODE_SIGN_STYLE = Automatic;
				DEVELOPMENT_TEAM = ZSLUMCNRNL;
				INFOPLIST_FILE = githubActionsUITests/Info.plist;
				LD_RUNPATH_SEARCH_PATHS = (
					"$(inherited)",
					"@executable_path/Frameworks",
					"@loader_path/Frameworks",
				);
				PRODUCT_BUNDLE_IDENTIFIER = com.pedroVargas.githubActionsUITests;
				PRODUCT_NAME = "$(TARGET_NAME)";
				SWIFT_VERSION = 5.0;
				TARGETED_DEVICE_FAMILY = "1,2";
				TEST_TARGET_NAME = githubActions;
			};
			name = Release;
		};
/* End XCBuildConfiguration section */

/* Begin XCConfigurationList section */
		0791131B2446400800FD8C3A /* Build configuration list for PBXProject "githubActions" */ = {
			isa = XCConfigurationList;
			buildConfigurations = (
				079113482446400C00FD8C3A /* Debug */,
				079113492446400C00FD8C3A /* Release */,
			);
			defaultConfigurationIsVisible = 0;
			defaultConfigurationName = Release;
		};
		0791134A2446400C00FD8C3A /* Build configuration list for PBXNativeTarget "githubActions" */ = {
			isa = XCConfigurationList;
			buildConfigurations = (
				0791134B2446400C00FD8C3A /* Debug */,
				0791134C2446400C00FD8C3A /* Release */,
			);
			defaultConfigurationIsVisible = 0;
			defaultConfigurationName = Release;
		};
		0791134D2446400C00FD8C3A /* Build configuration list for PBXNativeTarget "githubActionsTests" */ = {
			isa = XCConfigurationList;
			buildConfigurations = (
				0791134E2446400C00FD8C3A /* Debug */,
				0791134F2446400C00FD8C3A /* Release */,
			);
			defaultConfigurationIsVisible = 0;
			defaultConfigurationName = Release;
		};
		079113502446400C00FD8C3A /* Build configuration list for PBXNativeTarget "githubActionsUITests" */ = {
			isa = XCConfigurationList;
			buildConfigurations = (
				079113512446400C00FD8C3A /* Debug */,
				079113522446400C00FD8C3A /* Release */,
			);
			defaultConfigurationIsVisible = 0;
			defaultConfigurationName = Release;
		};
/* End XCConfigurationList section */
	};
	rootObject = 079113182446400800FD8C3A /* Project object */;
}
